
Microsoft Visual Studio Solution File, Format Version 12.00
# Visual Studio Version 17
VisualStudioVersion = 17.4.33103.184
MinimumVisualStudioVersion = 10.0.40219.1
Project("{FAE04EC0-301F-11D3-BF4B-00C04F79EFBC}") = "MagicVilla_API", "MagicVilla_API.csproj", "{689856C5-BD5E-4D46-8C48-1E2741C0131C}"
EndProject
Global
	GlobalSection(SolutionConfigurationPlatforms) = preSolution
		Debug|Any CPU = Debug|Any CPU
		Release|Any CPU = Release|Any CPU
	EndGlobalSection
	GlobalSection(ProjectConfigurationPlatforms) = postSolution
		{689856C5-BD5E-4D46-8C48-1E2741C0131C}.Debug|Any CPU.ActiveCfg = Debug|Any CPU
		{689856C5-BD5E-4D46-8C48-1E2741C0131C}.Debug|Any CPU.Build.0 = Debug|Any CPU
		{689856C5-BD5E-4D46-8C48-1E2741C0131C}.Release|Any CPU.ActiveCfg = Release|Any CPU
		{689856C5-BD5E-4D46-8C48-1E2741C0131C}.Release|Any CPU.Build.0 = Release|Any CPU
	EndGlobalSection
	GlobalSection(SolutionProperties) = preSolution
		HideSolutionNode = FALSE
	EndGlobalSection
	GlobalSection(ExtensibilityGlobals) = postSolution
		SolutionGuid = {AB33A5A9-9555-4850-8CA8-A671EA8C2481}
	EndGlobalSection
EndGlobal
